
Microsoft Visual Studio Solution File, Format Version 12.00
# Visual Studio Version 16
VisualStudioVersion = 16.0.30907.101
MinimumVisualStudioVersion = 10.0.40219.1
Project("{FAE04EC0-301F-11D3-BF4B-00C04F79EFBC}") = "BlogifyWebApp", "BlogifyWebApp\BlogifyWebApp.csproj", "{32EC3533-4C65-4BBA-9425-B8504319F60C}"
EndProject
Project("{FAE04EC0-301F-11D3-BF4B-00C04F79EFBC}") = "BlogifyWebApi", "BlogifyWebApi\BlogifyWebApi.csproj", "{B3D9038A-AF58-4156-A189-0A25B8EF2FB6}"
EndProject
Global
	GlobalSection(SolutionConfigurationPlatforms) = preSolution
		Debug|Any CPU = Debug|Any CPU
		Release|Any CPU = Release|Any CPU
	EndGlobalSection
	GlobalSection(ProjectConfigurationPlatforms) = postSolution
		{32EC3533-4C65-4BBA-9425-B8504319F60C}.Debug|Any CPU.ActiveCfg = Debug|Any CPU
		{32EC3533-4C65-4BBA-9425-B8504319F60C}.Debug|Any CPU.Build.0 = Debug|Any CPU
		{32EC3533-4C65-4BBA-9425-B8504319F60C}.Release|Any CPU.ActiveCfg = Release|Any CPU
		{32EC3533-4C65-4BBA-9425-B8504319F60C}.Release|Any CPU.Build.0 = Release|Any CPU
		{B3D9038A-AF58-4156-A189-0A25B8EF2FB6}.Debug|Any CPU.ActiveCfg = Debug|Any CPU
		{B3D9038A-AF58-4156-A189-0A25B8EF2FB6}.Debug|Any CPU.Build.0 = Debug|Any CPU
		{B3D9038A-AF58-4156-A189-0A25B8EF2FB6}.Release|Any CPU.ActiveCfg = Release|Any CPU
		{B3D9038A-AF58-4156-A189-0A25B8EF2FB6}.Release|Any CPU.Build.0 = Release|Any CPU
	EndGlobalSection
	GlobalSection(SolutionProperties) = preSolution
		HideSolutionNode = FALSE
	EndGlobalSection
	GlobalSection(ExtensibilityGlobals) = postSolution
		SolutionGuid = {AB1910B9-0E35-4366-B7DD-6D114D03C810}
	EndGlobalSection
EndGlobal
